
Microsoft Visual Studio Solution File, Format Version 12.00
# Visual Studio Version 16
VisualStudioVersion = 16.0.30517.126
MinimumVisualStudioVersion = 10.0.40219.1
Project("{FAE04EC0-301F-11D3-BF4B-00C04F79EFBC}") = "ScheduleApp", "ScheduleApp\ScheduleApp.csproj", "{D31AA3A7-D92B-431A-9DF2-AB53D29F3A8F}"
EndProject
Global
	GlobalSection(SolutionConfigurationPlatforms) = preSolution
		Debug|Any CPU = Debug|Any CPU
		Release|Any CPU = Release|Any CPU
	EndGlobalSection
	GlobalSection(ProjectConfigurationPlatforms) = postSolution
		{D31AA3A7-D92B-431A-9DF2-AB53D29F3A8F}.Debug|Any CPU.ActiveCfg = Debug|Any CPU
		{D31AA3A7-D92B-431A-9DF2-AB53D29F3A8F}.Debug|Any CPU.Build.0 = Debug|Any CPU
		{D31AA3A7-D92B-431A-9DF2-AB53D29F3A8F}.Release|Any CPU.ActiveCfg = Release|Any CPU
		{D31AA3A7-D92B-431A-9DF2-AB53D29F3A8F}.Release|Any CPU.Build.0 = Release|Any CPU
	EndGlobalSection
	GlobalSection(SolutionProperties) = preSolution
		HideSolutionNode = FALSE
	EndGlobalSection
	GlobalSection(ExtensibilityGlobals) = postSolution
		SolutionGuid = {EDAEC139-7936-4FC4-8D28-55904C399E24}
	EndGlobalSection
EndGlobal
